
Microsoft Visual Studio Solution File, Format Version 12.00
# Visual Studio Version 17
VisualStudioVersion = 17.13.35818.85 d17.13
MinimumVisualStudioVersion = 10.0.40219.1
Project("{FAE04EC0-301F-11D3-BF4B-00C04F79EFBC}") = "LibraTrack", "LibraTrack\LibraTrack.csproj", "{AFF920AF-CBFE-4ADC-B402-62F7B7BC271D}"
EndProject
Global
	GlobalSection(SolutionConfigurationPlatforms) = preSolution
		Debug|Any CPU = Debug|Any CPU
		Release|Any CPU = Release|Any CPU
	EndGlobalSection
	GlobalSection(ProjectConfigurationPlatforms) = postSolution
		{AFF920AF-CBFE-4ADC-B402-62F7B7BC271D}.Debug|Any CPU.ActiveCfg = Debug|Any CPU
		{AFF920AF-CBFE-4ADC-B402-62F7B7BC271D}.Debug|Any CPU.Build.0 = Debug|Any CPU
		{AFF920AF-CBFE-4ADC-B402-62F7B7BC271D}.Release|Any CPU.ActiveCfg = Release|Any CPU
		{AFF920AF-CBFE-4ADC-B402-62F7B7BC271D}.Release|Any CPU.Build.0 = Release|Any CPU
	EndGlobalSection
	GlobalSection(SolutionProperties) = preSolution
		HideSolutionNode = FALSE
	EndGlobalSection
	GlobalSection(ExtensibilityGlobals) = postSolution
		SolutionGuid = {F446087C-379F-472D-A2B8-1DABDDD4AC3C}
	EndGlobalSection
EndGlobal
